
Microsoft Visual Studio Solution File, Format Version 12.00
# Visual Studio Version 17
VisualStudioVersion = 17.13.35931.197 d17.13
MinimumVisualStudioVersion = 10.0.40219.1
Project("{FAE04EC0-301F-11D3-BF4B-00C04F79EFBC}") = "AlvieEqualsysTestBackend", "AlvieEqualsysTestBackend\AlvieEqualsysTestBackend.csproj", "{1FB4C48B-B34C-4ECD-99B9-787342024748}"
EndProject
Global
	GlobalSection(SolutionConfigurationPlatforms) = preSolution
		Debug|Any CPU = Debug|Any CPU
		Release|Any CPU = Release|Any CPU
	EndGlobalSection
	GlobalSection(ProjectConfigurationPlatforms) = postSolution
		{1FB4C48B-B34C-4ECD-99B9-787342024748}.Debug|Any CPU.ActiveCfg = Debug|Any CPU
		{1FB4C48B-B34C-4ECD-99B9-787342024748}.Debug|Any CPU.Build.0 = Debug|Any CPU
		{1FB4C48B-B34C-4ECD-99B9-787342024748}.Release|Any CPU.ActiveCfg = Release|Any CPU
		{1FB4C48B-B34C-4ECD-99B9-787342024748}.Release|Any CPU.Build.0 = Release|Any CPU
	EndGlobalSection
	GlobalSection(SolutionProperties) = preSolution
		HideSolutionNode = FALSE
	EndGlobalSection
	GlobalSection(ExtensibilityGlobals) = postSolution
		SolutionGuid = {A44BCF93-E655-486C-96E8-945B7C617EF7}
	EndGlobalSection
EndGlobal
